
Microsoft Visual Studio Solution File, Format Version 12.00
# Visual Studio 15
Project("{FAE04EC0-301F-11D3-BF4B-00C04F79EFBC}") = "unity-atlastool", "unity-atlastool.csproj", "{6A055097-C569-721F-0FA8-F1218144D8F9}"
EndProject
Project("{FAE04EC0-301F-11D3-BF4B-00C04F79EFBC}") = "unity-atlastool.Editor", "unity-atlastool.Editor.csproj", "{8A2F9012-48CD-5EA0-970B-9F9C68FB454C}"
EndProject
Global
	GlobalSection(SolutionConfigurationPlatforms) = preSolution
		Debug|Any CPU = Debug|Any CPU
		Release|Any CPU = Release|Any CPU
	EndGlobalSection
	GlobalSection(ProjectConfigurationPlatforms) = postSolution
		{6A055097-C569-721F-0FA8-F1218144D8F9}.Debug|Any CPU.ActiveCfg = Debug|Any CPU
		{6A055097-C569-721F-0FA8-F1218144D8F9}.Debug|Any CPU.Build.0 = Debug|Any CPU
		{6A055097-C569-721F-0FA8-F1218144D8F9}.Release|Any CPU.ActiveCfg = Release|Any CPU
		{6A055097-C569-721F-0FA8-F1218144D8F9}.Release|Any CPU.Build.0 = Release|Any CPU
		{8A2F9012-48CD-5EA0-970B-9F9C68FB454C}.Debug|Any CPU.ActiveCfg = Debug|Any CPU
		{8A2F9012-48CD-5EA0-970B-9F9C68FB454C}.Debug|Any CPU.Build.0 = Debug|Any CPU
		{8A2F9012-48CD-5EA0-970B-9F9C68FB454C}.Release|Any CPU.ActiveCfg = Release|Any CPU
		{8A2F9012-48CD-5EA0-970B-9F9C68FB454C}.Release|Any CPU.Build.0 = Release|Any CPU
	EndGlobalSection
	GlobalSection(SolutionProperties) = preSolution
		HideSolutionNode = FALSE
	EndGlobalSection
EndGlobal
