
Microsoft Visual Studio Solution File, Format Version 12.00
# Visual Studio 15
Project("{FAE04EC0-301F-11D3-BF4B-00C04F79EFBC}") = "unity-meshcombine", "unity-meshcombine.csproj", "{D9C8087A-DF32-8B70-D0E2-39C1AF419142}"
EndProject
Project("{FAE04EC0-301F-11D3-BF4B-00C04F79EFBC}") = "unity-meshcombine.Editor", "unity-meshcombine.Editor.csproj", "{DDD65D3E-7E8E-4F87-466F-F3C79BFECCB6}"
EndProject
Global
	GlobalSection(SolutionConfigurationPlatforms) = preSolution
		Debug|Any CPU = Debug|Any CPU
		Release|Any CPU = Release|Any CPU
	EndGlobalSection
	GlobalSection(ProjectConfigurationPlatforms) = postSolution
		{D9C8087A-DF32-8B70-D0E2-39C1AF419142}.Debug|Any CPU.ActiveCfg = Debug|Any CPU
		{D9C8087A-DF32-8B70-D0E2-39C1AF419142}.Debug|Any CPU.Build.0 = Debug|Any CPU
		{D9C8087A-DF32-8B70-D0E2-39C1AF419142}.Release|Any CPU.ActiveCfg = Release|Any CPU
		{D9C8087A-DF32-8B70-D0E2-39C1AF419142}.Release|Any CPU.Build.0 = Release|Any CPU
		{DDD65D3E-7E8E-4F87-466F-F3C79BFECCB6}.Debug|Any CPU.ActiveCfg = Debug|Any CPU
		{DDD65D3E-7E8E-4F87-466F-F3C79BFECCB6}.Debug|Any CPU.Build.0 = Debug|Any CPU
		{DDD65D3E-7E8E-4F87-466F-F3C79BFECCB6}.Release|Any CPU.ActiveCfg = Release|Any CPU
		{DDD65D3E-7E8E-4F87-466F-F3C79BFECCB6}.Release|Any CPU.Build.0 = Release|Any CPU
	EndGlobalSection
	GlobalSection(SolutionProperties) = preSolution
		HideSolutionNode = FALSE
	EndGlobalSection
EndGlobal
